Microsoft Visual Studio Solution File, Format Version 12.00
# Visual Studio 15
VisualStudioVersion = 15.0.27428.2043
MinimumVisualStudioVersion = 10.0.40219.1
Project("{9A19103F-16F7-4668-BE54-9A1E7A4F7556}") = "solid", "solid\solid.csproj", "{580F39C0-EFBC-4B44-95CD-15EA7467F51B}"
EndProject
Global
	GlobalSection(SolutionConfigurationPlatforms) = preSolution
		Debug|Any CPU = Debug|Any CPU
		Release|Any CPU = Release|Any CPU
	EndGlobalSection
	GlobalSection(ProjectConfigurationPlatforms) = postSolution
		{580F39C0-EFBC-4B44-95CD-15EA7467F51B}.Debug|Any CPU.ActiveCfg = Debug|Any CPU
		{580F39C0-EFBC-4B44-95CD-15EA7467F51B}.Debug|Any CPU.Build.0 = Debug|Any CPU
		{580F39C0-EFBC-4B44-95CD-15EA7467F51B}.Release|Any CPU.ActiveCfg = Release|Any CPU
		{580F39C0-EFBC-4B44-95CD-15EA7467F51B}.Release|Any CPU.Build.0 = Release|Any CPU
	EndGlobalSection
	GlobalSection(SolutionProperties) = preSolution
		HideSolutionNode = FALSE
	EndGlobalSection
	GlobalSection(ExtensibilityGlobals) = postSolution
		SolutionGuid = {E4A54E03-F331-4E22-9822-EB3540EBAB92}
	EndGlobalSection
EndGlobal
